// !$*UTF8*$!
{
	archiveVersion = 1;
	classes = {
	};
	objectVersion = 77;
	objects = {

/* Begin PBXBuildFile section */
		6C5A12BC2D3812D900AC0EF0 /* SkiResortsApp.swift in Sources */ = {isa = PBXBuildFile; fileRef = 6C5A12BB2D3812D900AC0EF0 /* SkiResortsApp.swift */; };
		6C5A12BE2D3812D900AC0EF0 /* ContentView.swift in Sources */ = {isa = PBXBuildFile; fileRef = 6C5A12BD2D3812D900AC0EF0 /* ContentView.swift */; };
		6C5A12CA2D38132E00AC0EF0 /* Resort.swift in Sources */ = {isa = PBXBuildFile; fileRef = 6C5A12C92D38132E00AC0EF0 /* Resort.swift */; };
		6C5A12CC2D38136800AC0EF0 /* Bundle+.swift in Sources */ = {isa = PBXBuildFile; fileRef = 6C5A12CB2D38136800AC0EF0 /* Bundle+.swift */; };
		6C5A12CE2D3815AF00AC0EF0 /* resorts.json in Resources */ = {isa = PBXBuildFile; fileRef = 6C5A12CD2D3815AF00AC0EF0 /* resorts.json */; };
		6C5A12D22D38162600AC0EF0 /* WelcomeView.swift in Sources */ = {isa = PBXBuildFile; fileRef = 6C5A12D12D38162600AC0EF0 /* WelcomeView.swift */; };
		6C5A12D42D3816CE00AC0EF0 /* ResortView.swift in Sources */ = {isa = PBXBuildFile; fileRef = 6C5A12D32D3816CE00AC0EF0 /* ResortView.swift */; };
		6C5A12D62D38190400AC0EF0 /* SkiDetailsView.swift in Sources */ = {isa = PBXBuildFile; fileRef = 6C5A12D52D38190400AC0EF0 /* SkiDetailsView.swift */; };
		6C5A12DA2D3819A000AC0EF0 /* ResortDetailsView.swift in Sources */ = {isa = PBXBuildFile; fileRef = 6C5A12D92D3819A000AC0EF0 /* ResortDetailsView.swift */; };
		6C5A12DC2D38304500AC0EF0 /* Facility.swift in Sources */ = {isa = PBXBuildFile; fileRef = 6C5A12DB2D38304500AC0EF0 /* Facility.swift */; };
		6C5A12DE2D38343500AC0EF0 /* Favorites.swift in Sources */ = {isa = PBXBuildFile; fileRef = 6C5A12DD2D38343500AC0EF0 /* Favorites.swift */; };
/* End PBXBuildFile section */

/* Begin PBXFileReference section */
		6C5A12B82D3812D900AC0EF0 /* SkiResorts.app */ = {isa = PBXFileReference; explicitFileType = wrapper.application; includeInIndex = 0; path = SkiResorts.app; sourceTree = BUILT_PRODUCTS_DIR; };
		6C5A12BB2D3812D900AC0EF0 /* SkiResortsApp.swift */ = {isa = PBXFileReference; lastKnownFileType = sourcecode.swift; path = SkiResortsApp.swift; sourceTree = "<group>"; };
		6C5A12BD2D3812D900AC0EF0 /* ContentView.swift */ = {isa = PBXFileReference; lastKnownFileType = sourcecode.swift; path = ContentView.swift; sourceTree = "<group>"; };
		6C5A12C92D38132E00AC0EF0 /* Resort.swift */ = {isa = PBXFileReference; lastKnownFileType = sourcecode.swift; path = Resort.swift; sourceTree = "<group>"; };
		6C5A12CB2D38136800AC0EF0 /* Bundle+.swift */ = {isa = PBXFileReference; lastKnownFileType = sourcecode.swift; path = "Bundle+.swift"; sourceTree = "<group>"; };
		6C5A12CD2D3815AF00AC0EF0 /* resorts.json */ = {isa = PBXFileReference; lastKnownFileType = text.json; path = resorts.json; sourceTree = "<group>"; };
		6C5A12D12D38162600AC0EF0 /* WelcomeView.swift */ = {isa = PBXFileReference; lastKnownFileType = sourcecode.swift; path = WelcomeView.swift; sourceTree = "<group>"; };
		6C5A12D32D3816CE00AC0EF0 /* ResortView.swift */ = {isa = PBXFileReference; lastKnownFileType = sourcecode.swift; path = ResortView.swift; sourceTree = "<group>"; };
		6C5A12D52D38190400AC0EF0 /* SkiDetailsView.swift */ = {isa = PBXFileReference; lastKnownFileType = sourcecode.swift; path = SkiDetailsView.swift; sourceTree = "<group>"; };
		6C5A12D92D3819A000AC0EF0 /* ResortDetailsView.swift */ = {isa = PBXFileReference; lastKnownFileType = sourcecode.swift; path = ResortDetailsView.swift; sourceTree = "<group>"; };
		6C5A12DB2D38304500AC0EF0 /* Facility.swift */ = {isa = PBXFileReference; lastKnownFileType = sourcecode.swift; path = Facility.swift; sourceTree = "<group>"; };
		6C5A12DD2D38343500AC0EF0 /* Favorites.swift */ = {isa = PBXFileReference; lastKnownFileType = sourcecode.swift; path = Favorites.swift; sourceTree = "<group>"; };
/* End PBXFileReference section */

/* Begin PBXFileSystemSynchronizedRootGroup section */
		6C5A12BA2D3812D900AC0EF0 /* SkiResorts */ = {
			isa = PBXFileSystemSynchronizedRootGroup;
			path = SkiResorts;
			sourceTree = "<group>";
		};
/* End PBXFileSystemSynchronizedRootGroup section */

/* Begin PBXFrameworksBuildPhase section */
		6C5A12B52D3812D900AC0EF0 /* Frameworks */ = {
			isa = PBXFrameworksBuildPhase;
			buildActionMask = 2147483647;
			files = (
			);
			runOnlyForDeploymentPostprocessing = 0;
		};
/* End PBXFrameworksBuildPhase section */

/* Begin PBXGroup section */
		6C5A12AF2D3812D900AC0EF0 = {
			isa = PBXGroup;
			children = (
				6C5A12BB2D3812D900AC0EF0 /* SkiResortsApp.swift */,
				6C5A12BD2D3812D900AC0EF0 /* ContentView.swift */,
				6C5A12D52D38190400AC0EF0 /* SkiDetailsView.swift */,
				6C5A12D32D3816CE00AC0EF0 /* ResortView.swift */,
				6C5A12DD2D38343500AC0EF0 /* Favorites.swift */,
				6C5A12DB2D38304500AC0EF0 /* Facility.swift */,
				6C5A12D92D3819A000AC0EF0 /* ResortDetailsView.swift */,
				6C5A12D12D38162600AC0EF0 /* WelcomeView.swift */,
				6C5A12CD2D3815AF00AC0EF0 /* resorts.json */,
				6C5A12C92D38132E00AC0EF0 /* Resort.swift */,
				6C5A12CB2D38136800AC0EF0 /* Bundle+.swift */,
				6C5A12BA2D3812D900AC0EF0 /* SkiResorts */,
				6C5A12B92D3812D900AC0EF0 /* Products */,
			);
			sourceTree = "<group>";
		};
		6C5A12B92D3812D900AC0EF0 /* Products */ = {
			isa = PBXGroup;
			children = (
				6C5A12B82D3812D900AC0EF0 /* SkiResorts.app */,
			);
			name = Products;
			sourceTree = "<group>";
		};
/* End PBXGroup section */

/* Begin PBXNativeTarget section */
		6C5A12B72D3812D900AC0EF0 /* SkiResorts */ = {
			isa = PBXNativeTarget;
			buildConfigurationList = 6C5A12C62D3812DA00AC0EF0 /* Build configuration list for PBXNativeTarget "SkiResorts" */;
			buildPhases = (
				6C5A12B42D3812D900AC0EF0 /* Sources */,
				6C5A12B52D3812D900AC0EF0 /* Frameworks */,
				6C5A12B62D3812D900AC0EF0 /* Resources */,
			);
			buildRules = (
			);
			dependencies = (
			);
			fileSystemSynchronizedGroups = (
				6C5A12BA2D3812D900AC0EF0 /* SkiResorts */,
			);
			name = SkiResorts;
			packageProductDependencies = (
			);
			productName = SkiResorts;
			productReference = 6C5A12B82D3812D900AC0EF0 /* SkiResorts.app */;
			productType = "com.apple.product-type.application";
		};
/* End PBXNativeTarget section */

/* Begin PBXProject section */
		6C5A12B02D3812D900AC0EF0 /* Project object */ = {
			isa = PBXProject;
			attributes = {
				BuildIndependentTargetsInParallel = 1;
				LastSwiftUpdateCheck = 1620;
				LastUpgradeCheck = 1620;
				TargetAttributes = {
					6C5A12B72D3812D900AC0EF0 = {
						CreatedOnToolsVersion = 16.2;
					};
				};
			};
			buildConfigurationList = 6C5A12B32D3812D900AC0EF0 /* Build configuration list for PBXProject "SkiResorts" */;
			developmentRegion = en;
			hasScannedForEncodings = 0;
			knownRegions = (
				en,
				Base,
			);
			mainGroup = 6C5A12AF2D3812D900AC0EF0;
			minimizedProjectReferenceProxies = 1;
			preferredProjectObjectVersion = 77;
			productRefGroup = 6C5A12B92D3812D900AC0EF0 /* Products */;
			projectDirPath = "";
			projectRoot = "";
			targets = (
				6C5A12B72D3812D900AC0EF0 /* SkiResorts */,
			);
		};
/* End PBXProject section */

/* Begin PBXResourcesBuildPhase section */
		6C5A12B62D3812D900AC0EF0 /* Resources */ = {
			isa = PBXResourcesBuildPhase;
			buildActionMask = 2147483647;
			files = (
				6C5A12CE2D3815AF00AC0EF0 /* resorts.json in Resources */,
			);
			runOnlyForDeploymentPostprocessing = 0;
		};
/* End PBXResourcesBuildPhase section */

/* Begin PBXSourcesBuildPhase section */
		6C5A12B42D3812D900AC0EF0 /* Sources */ = {
			isa = PBXSourcesBuildPhase;
			buildActionMask = 2147483647;
			files = (
				6C5A12D22D38162600AC0EF0 /* WelcomeView.swift in Sources */,
				6C5A12D62D38190400AC0EF0 /* SkiDetailsView.swift in Sources */,
				6C5A12DA2D3819A000AC0EF0 /* ResortDetailsView.swift in Sources */,
				6C5A12DE2D38343500AC0EF0 /* Favorites.swift in Sources */,
				6C5A12DC2D38304500AC0EF0 /* Facility.swift in Sources */,
				6C5A12BE2D3812D900AC0EF0 /* ContentView.swift in Sources */,
				6C5A12CC2D38136800AC0EF0 /* Bundle+.swift in Sources */,
				6C5A12D42D3816CE00AC0EF0 /* ResortView.swift in Sources */,
				6C5A12CA2D38132E00AC0EF0 /* Resort.swift in Sources */,
				6C5A12BC2D3812D900AC0EF0 /* SkiResortsApp.swift in Sources */,
			);
			runOnlyForDeploymentPostprocessing = 0;
		};
/* End PBXSourcesBuildPhase section */

/* Begin XCBuildConfiguration section */
		6C5A12C42D3812DA00AC0EF0 /* Debug */ = {
			isa = XCBuildConfiguration;
			buildSettings = {
				ALWAYS_SEARCH_USER_PATHS = NO;
				ASSETCATALOG_COMPILER_GENERATE_SWIFT_ASSET_SYMBOL_EXTENSIONS = YES;
				CLANG_ANALYZER_NONNULL = YES;
				CLANG_ANALYZER_NUMBER_OBJECT_CONVERSION = YES_AGGRESSIVE;
				CLANG_CXX_LANGUAGE_STANDARD = "gnu++20";
				CLANG_ENABLE_MODULES = YES;
				CLANG_ENABLE_OBJC_ARC = YES;
				CLANG_ENABLE_OBJC_WEAK = YES;
				CLANG_WARN_BLOCK_CAPTURE_AUTORELEASING = YES;
				CLANG_WARN_BOOL_CONVERSION = YES;
				CLANG_WARN_COMMA = YES;
				CLANG_WARN_CONSTANT_CONVERSION = YES;
				CLANG_WARN_DEPRECATED_OBJC_IMPLEMENTATIONS = YES;
				CLANG_WARN_DIRECT_OBJC_ISA_USAGE = YES_ERROR;
				CLANG_WARN_DOCUMENTATION_COMMENTS = YES;
				CLANG_WARN_EMPTY_BODY = YES;
				CLANG_WARN_ENUM_CONVERSION = YES;
				CLANG_WARN_INFINITE_RECURSION = YES;
				CLANG_WARN_INT_CONVERSION = YES;
				CLANG_WARN_NON_LITERAL_NULL_CONVERSION = YES;
				CLANG_WARN_OBJC_IMPLICIT_RETAIN_SELF = YES;
				CLANG_WARN_OBJC_LITERAL_CONVERSION = YES;
				CLANG_WARN_OBJC_ROOT_CLASS = YES_ERROR;
				CLANG_WARN_QUOTED_INCLUDE_IN_FRAMEWORK_HEADER = YES;
				CLANG_WARN_RANGE_LOOP_ANALYSIS = YES;
				CLANG_WARN_STRICT_PROTOTYPES = YES;
				CLANG_WARN_SUSPICIOUS_MOVE = YES;
				CLANG_WARN_UNGUARDED_AVAILABILITY = YES_AGGRESSIVE;
				CLANG_WARN_UNREACHABLE_CODE = YES;
				CLANG_WARN__DUPLICATE_METHOD_MATCH = YES;
				COPY_PHASE_STRIP = NO;
				DEBUG_INFORMATION_FORMAT = dwarf;
				ENABLE_STRICT_OBJC_MSGSEND = YES;
				ENABLE_TESTABILITY = YES;
				ENABLE_USER_SCRIPT_SANDBOXING = YES;
				GCC_C_LANGUAGE_STANDARD = gnu17;
				GCC_DYNAMIC_NO_PIC = NO;
				GCC_NO_COMMON_BLOCKS = YES;
				GCC_OPTIMIZATION_LEVEL = 0;
				GCC_PREPROCESSOR_DEFINITIONS = (
					"DEBUG=1",
					"$(inherited)",
				);
				GCC_WARN_64_TO_32_BIT_CONVERSION = YES;
				GCC_WARN_ABOUT_RETURN_TYPE = YES_ERROR;
				GCC_WARN_UNDECLARED_SELECTOR = YES;
				GCC_WARN_UNINITIALIZED_AUTOS = YES_AGGRESSIVE;
				GCC_WARN_UNUSED_FUNCTION = YES;
				GCC_WARN_UNUSED_VARIABLE = YES;
				IPHONEOS_DEPLOYMENT_TARGET = 18.2;
				LOCALIZATION_PREFERS_STRING_CATALOGS = YES;
				MTL_ENABLE_DEBUG_INFO = INCLUDE_SOURCE;
				MTL_FAST_MATH = YES;
				ONLY_ACTIVE_ARCH = YES;
				SDKROOT = iphoneos;
				SWIFT_ACTIVE_COMPILATION_CONDITIONS = "DEBUG $(inherited)";
				SWIFT_OPTIMIZATION_LEVEL = "-Onone";
			};
			name = Debug;
		};
		6C5A12C52D3812DA00AC0EF0 /* Release */ = {
			isa = XCBuildConfiguration;
			buildSettings = {
				ALWAYS_SEARCH_USER_PATHS = NO;
				ASSETCATALOG_COMPILER_GENERATE_SWIFT_ASSET_SYMBOL_EXTENSIONS = YES;
				CLANG_ANALYZER_NONNULL = YES;
				CLANG_ANALYZER_NUMBER_OBJECT_CONVERSION = YES_AGGRESSIVE;
				CLANG_CXX_LANGUAGE_STANDARD = "gnu++20";
				CLANG_ENABLE_MODULES = YES;
				CLANG_ENABLE_OBJC_ARC = YES;
				CLANG_ENABLE_OBJC_WEAK = YES;
				CLANG_WARN_BLOCK_CAPTURE_AUTORELEASING = YES;
				CLANG_WARN_BOOL_CONVERSION = YES;
				CLANG_WARN_COMMA = YES;
				CLANG_WARN_CONSTANT_CONVERSION = YES;
				CLANG_WARN_DEPRECATED_OBJC_IMPLEMENTATIONS = YES;
				CLANG_WARN_DIRECT_OBJC_ISA_USAGE = YES_ERROR;
				CLANG_WARN_DOCUMENTATION_COMMENTS = YES;
				CLANG_WARN_EMPTY_BODY = YES;
				CLANG_WARN_ENUM_CONVERSION = YES;
				CLANG_WARN_INFINITE_RECURSION = YES;
				CLANG_WARN_INT_CONVERSION = YES;
				CLANG_WARN_NON_LITERAL_NULL_CONVERSION = YES;
				CLANG_WARN_OBJC_IMPLICIT_RETAIN_SELF = YES;
				CLANG_WARN_OBJC_LITERAL_CONVERSION = YES;
				CLANG_WARN_OBJC_ROOT_CLASS = YES_ERROR;
				CLANG_WARN_QUOTED_INCLUDE_IN_FRAMEWORK_HEADER = YES;
				CLANG_WARN_RANGE_LOOP_ANALYSIS = YES;
				CLANG_WARN_STRICT_PROTOTYPES = YES;
				CLANG_WARN_SUSPICIOUS_MOVE = YES;
				CLANG_WARN_UNGUARDED_AVAILABILITY = YES_AGGRESSIVE;
				CLANG_WARN_UNREACHABLE_CODE = YES;
				CLANG_WARN__DUPLICATE_METHOD_MATCH = YES;
				COPY_PHASE_STRIP = NO;
				DEBUG_INFORMATION_FORMAT = "dwarf-with-dsym";
				ENABLE_NS_ASSERTIONS = NO;
				ENABLE_STRICT_OBJC_MSGSEND = YES;
				ENABLE_USER_SCRIPT_SANDBOXING = YES;
				GCC_C_LANGUAGE_STANDARD = gnu17;
				GCC_NO_COMMON_BLOCKS = YES;
				GCC_WARN_64_TO_32_BIT_CONVERSION = YES;
				GCC_WARN_ABOUT_RETURN_TYPE = YES_ERROR;
				GCC_WARN_UNDECLARED_SELECTOR = YES;
				GCC_WARN_UNINITIALIZED_AUTOS = YES_AGGRESSIVE;
				GCC_WARN_UNUSED_FUNCTION = YES;
				GCC_WARN_UNUSED_VARIABLE = YES;
				IPHONEOS_DEPLOYMENT_TARGET = 18.2;
				LOCALIZATION_PREFERS_STRING_CATALOGS = YES;
				MTL_ENABLE_DEBUG_INFO = NO;
				MTL_FAST_MATH = YES;
				SDKROOT = iphoneos;
				SWIFT_COMPILATION_MODE = wholemodule;
				VALIDATE_PRODUCT = YES;
			};
			name = Release;
		};
		6C5A12C72D3812DA00AC0EF0 /* Debug */ = {
			isa = XCBuildConfiguration;
			buildSettings = {
				ASSETCATALOG_COMPILER_APPICON_NAME = AppIcon;
				ASSETCATALOG_COMPILER_GLOBAL_ACCENT_COLOR_NAME = AccentColor;
				CODE_SIGN_STYLE = Automatic;
				CURRENT_PROJECT_VERSION = 1;
				DEVELOPMENT_ASSET_PATHS = "\"SkiResorts/Preview Content\"";
				DEVELOPMENT_TEAM = D3BJGB736B;
				ENABLE_PREVIEWS = YES;
				GENERATE_INFOPLIST_FILE = YES;
				INFOPLIST_KEY_UIApplicationSceneManifest_Generation = YES;
				INFOPLIST_KEY_UIApplicationSupportsIndirectInputEvents = YES;
				INFOPLIST_KEY_UILaunchScreen_Generation = YES;
				INFOPLIST_KEY_UISupportedInterfaceOrientations_iPad = "UIInterfaceOrientationPortrait UIInterfaceOrientationPortraitUpsideDown UIInterfaceOrientationLandscapeLeft UIInterfaceOrientationLandscapeRight";
				INFOPLIST_KEY_UISupportedInterfaceOrientations_iPhone = "UIInterfaceOrientationPortrait UIInterfaceOrientationLandscapeLeft UIInterfaceOrientationLandscapeRight";
				LD_RUNPATH_SEARCH_PATHS = (
					"$(inherited)",
					"@executable_path/Frameworks",
				);
				MARKETING_VERSION = 1.0;
				PRODUCT_BUNDLE_IDENTIFIER = SwiftPractice.SkiResorts;
				PRODUCT_NAME = "$(TARGET_NAME)";
				SWIFT_EMIT_LOC_STRINGS = YES;
				SWIFT_VERSION = 5.0;
				TARGETED_DEVICE_FAMILY = "1,2";
			};
			name = Debug;
		};
		6C5A12C82D3812DA00AC0EF0 /* Release */ = {
			isa = XCBuildConfiguration;
			buildSettings = {
				ASSETCATALOG_COMPILER_APPICON_NAME = AppIcon;
				ASSETCATALOG_COMPILER_GLOBAL_ACCENT_COLOR_NAME = AccentColor;
				CODE_SIGN_STYLE = Automatic;
				CURRENT_PROJECT_VERSION = 1;
				DEVELOPMENT_ASSET_PATHS = "\"SkiResorts/Preview Content\"";
				DEVELOPMENT_TEAM = D3BJGB736B;
				ENABLE_PREVIEWS = YES;
				GENERATE_INFOPLIST_FILE = YES;
				INFOPLIST_KEY_UIApplicationSceneManifest_Generation = YES;
				INFOPLIST_KEY_UIApplicationSupportsIndirectInputEvents = YES;
				INFOPLIST_KEY_UILaunchScreen_Generation = YES;
				INFOPLIST_KEY_UISupportedInterfaceOrientations_iPad = "UIInterfaceOrientationPortrait UIInterfaceOrientationPortraitUpsideDown UIInterfaceOrientationLandscapeLeft UIInterfaceOrientationLandscapeRight";
				INFOPLIST_KEY_UISupportedInterfaceOrientations_iPhone = "UIInterfaceOrientationPortrait UIInterfaceOrientationLandscapeLeft UIInterfaceOrientationLandscapeRight";
				LD_RUNPATH_SEARCH_PATHS = (
					"$(inherited)",
					"@executable_path/Frameworks",
				);
				MARKETING_VERSION = 1.0;
				PRODUCT_BUNDLE_IDENTIFIER = SwiftPractice.SkiResorts;
				PRODUCT_NAME = "$(TARGET_NAME)";
				SWIFT_EMIT_LOC_STRINGS = YES;
				SWIFT_VERSION = 5.0;
				TARGETED_DEVICE_FAMILY = "1,2";
			};
			name = Release;
		};
/* End XCBuildConfiguration section */

/* Begin XCConfigurationList section */
		6C5A12B32D3812D900AC0EF0 /* Build configuration list for PBXProject "SkiResorts" */ = {
			isa = XCConfigurationList;
			buildConfigurations = (
				6C5A12C42D3812DA00AC0EF0 /* Debug */,
				6C5A12C52D3812DA00AC0EF0 /* Release */,
			);
			defaultConfigurationIsVisible = 0;
			defaultConfigurationName = Release;
		};
		6C5A12C62D3812DA00AC0EF0 /* Build configuration list for PBXNativeTarget "SkiResorts" */ = {
			isa = XCConfigurationList;
			buildConfigurations = (
				6C5A12C72D3812DA00AC0EF0 /* Debug */,
				6C5A12C82D3812DA00AC0EF0 /* Release */,
			);
			defaultConfigurationIsVisible = 0;
			defaultConfigurationName = Release;
		};
/* End XCConfigurationList section */
	};
	rootObject = 6C5A12B02D3812D900AC0EF0 /* Project object */;
}
